
Microsoft Visual Studio Solution File, Format Version 12.00
# Visual Studio Version 17
VisualStudioVersion = 17.4.33110.190
MinimumVisualStudioVersion = 10.0.40219.1
Project("{FAE04EC0-301F-11D3-BF4B-00C04F79EFBC}") = "BETest.API", "BETest.API.csproj", "{E9DC6BA0-B556-4081-A8DB-1DFF7BFA7875}"
EndProject
Global
	GlobalSection(SolutionConfigurationPlatforms) = preSolution
		Debug|Any CPU = Debug|Any CPU
		Release|Any CPU = Release|Any CPU
	EndGlobalSection
	GlobalSection(ProjectConfigurationPlatforms) = postSolution
		{E9DC6BA0-B556-4081-A8DB-1DFF7BFA7875}.Debug|Any CPU.ActiveCfg = Debug|Any CPU
		{E9DC6BA0-B556-4081-A8DB-1DFF7BFA7875}.Debug|Any CPU.Build.0 = Debug|Any CPU
		{E9DC6BA0-B556-4081-A8DB-1DFF7BFA7875}.Release|Any CPU.ActiveCfg = Release|Any CPU
		{E9DC6BA0-B556-4081-A8DB-1DFF7BFA7875}.Release|Any CPU.Build.0 = Release|Any CPU
	EndGlobalSection
	GlobalSection(SolutionProperties) = preSolution
		HideSolutionNode = FALSE
	EndGlobalSection
	GlobalSection(ExtensibilityGlobals) = postSolution
		SolutionGuid = {11163AF0-C743-4644-8E4E-20FB1A7B2F58}
	EndGlobalSection
EndGlobal
